// !$*UTF8*$!
{
	archiveVersion = 1;
	classes = {
	};
	objectVersion = 48;
	objects = {

/* Begin PBXBuildFile section */
		BD46E42E202393C700D65DBC /* AppDelegate.swift in Sources */ = {isa = PBXBuildFile; fileRef = BD46E42D202393C700D65DBC /* AppDelegate.swift */; };
		BD46E430202393C800D65DBC /* ViewController.swift in Sources */ = {isa = PBXBuildFile; fileRef = BD46E42F202393C800D65DBC /* ViewController.swift */; };
		BD46E433202393C800D65DBC /* Main.storyboard in Resources */ = {isa = PBXBuildFile; fileRef = BD46E431202393C800D65DBC /* Main.storyboard */; };
		BD46E435202393C800D65DBC /* Assets.xcassets in Resources */ = {isa = PBXBuildFile; fileRef = BD46E434202393C800D65DBC /* Assets.xcassets */; };
		BD46E438202393C800D65DBC /* LaunchScreen.storyboard in Resources */ = {isa = PBXBuildFile; fileRef = BD46E436202393C800D65DBC /* LaunchScreen.storyboard */; };
		BD46E4402027617200D65DBC /* Utils.swift in Sources */ = {isa = PBXBuildFile; fileRef = BD46E43F2027617200D65DBC /* Utils.swift */; };
		BD46E4422027655E00D65DBC /* CustomActivityIndicatorView.swift in Sources */ = {isa = PBXBuildFile; fileRef = BD46E4412027655E00D65DBC /* CustomActivityIndicatorView.swift */; };
/* End PBXBuildFile section */

/* Begin PBXFileReference section */
		BD46E42A202393C700D65DBC /* CustomActivityIndicator.app */ = {isa = PBXFileReference; explicitFileType = wrapper.application; includeInIndex = 0; path = CustomActivityIndicator.app; sourceTree = BUILT_PRODUCTS_DIR; };
		BD46E42D202393C700D65DBC /* AppDelegate.swift */ = {isa = PBXFileReference; lastKnownFileType = sourcecode.swift; path = AppDelegate.swift; sourceTree = "<group>"; };
		BD46E42F202393C800D65DBC /* ViewController.swift */ = {isa = PBXFileReference; lastKnownFileType = sourcecode.swift; path = ViewController.swift; sourceTree = "<group>"; };
		BD46E432202393C800D65DBC /* Base */ = {isa = PBXFileReference; lastKnownFileType = file.storyboard; name = Base; path = Base.lproj/Main.storyboard; sourceTree = "<group>"; };
		BD46E434202393C800D65DBC /* Assets.xcassets */ = {isa = PBXFileReference; lastKnownFileType = folder.assetcatalog; path = Assets.xcassets; sourceTree = "<group>"; };
		BD46E437202393C800D65DBC /* Base */ = {isa = PBXFileReference; lastKnownFileType = file.storyboard; name = Base; path = Base.lproj/LaunchScreen.storyboard; sourceTree = "<group>"; };
		BD46E439202393C800D65DBC /* Info.plist */ = {isa = PBXFileReference; lastKnownFileType = text.plist.xml; path = Info.plist; sourceTree = "<group>"; };
		BD46E43F2027617200D65DBC /* Utils.swift */ = {isa = PBXFileReference; lastKnownFileType = sourcecode.swift; path = Utils.swift; sourceTree = "<group>"; };
		BD46E4412027655E00D65DBC /* CustomActivityIndicatorView.swift */ = {isa = PBXFileReference; lastKnownFileType = sourcecode.swift; path = CustomActivityIndicatorView.swift; sourceTree = "<group>"; };
/* End PBXFileReference section */

/* Begin PBXFrameworksBuildPhase section */
		BD46E427202393C700D65DBC /* Frameworks */ = {
			isa = PBXFrameworksBuildPhase;
			buildActionMask = 2147483647;
			files = (
			);
			runOnlyForDeploymentPostprocessing = 0;
		};
/* End PBXFrameworksBuildPhase section */

/* Begin PBXGroup section */
		BD46E421202393C700D65DBC = {
			isa = PBXGroup;
			children = (
				BD46E42C202393C700D65DBC /* CustomActivityIndicator */,
				BD46E42B202393C700D65DBC /* Products */,
			);
			sourceTree = "<group>";
		};
		BD46E42B202393C700D65DBC /* Products */ = {
			isa = PBXGroup;
			children = (
				BD46E42A202393C700D65DBC /* CustomActivityIndicator.app */,
			);
			name = Products;
			sourceTree = "<group>";
		};
		BD46E42C202393C700D65DBC /* CustomActivityIndicator */ = {
			isa = PBXGroup;
			children = (
				BD46E42D202393C700D65DBC /* AppDelegate.swift */,
				BD46E42F202393C800D65DBC /* ViewController.swift */,
				BD46E4412027655E00D65DBC /* CustomActivityIndicatorView.swift */,
				BD46E431202393C800D65DBC /* Main.storyboard */,
				BD46E434202393C800D65DBC /* Assets.xcassets */,
				BD46E436202393C800D65DBC /* LaunchScreen.storyboard */,
				BD46E439202393C800D65DBC /* Info.plist */,
				BD46E43F2027617200D65DBC /* Utils.swift */,
			);
			path = CustomActivityIndicator;
			sourceTree = "<group>";
		};
/* End PBXGroup section */

/* Begin PBXNativeTarget section */
		BD46E429202393C700D65DBC /* CustomActivityIndicator */ = {
			isa = PBXNativeTarget;
			buildConfigurationList = BD46E43C202393C800D65DBC /* Build configuration list for PBXNativeTarget "CustomActivityIndicator" */;
			buildPhases = (
				BD46E426202393C700D65DBC /* Sources */,
				BD46E427202393C700D65DBC /* Frameworks */,
				BD46E428202393C700D65DBC /* Resources */,
			);
			buildRules = (
			);
			dependencies = (
			);
			name = CustomActivityIndicator;
			productName = CustomActivityIndicator;
			productReference = BD46E42A202393C700D65DBC /* CustomActivityIndicator.app */;
			productType = "com.apple.product-type.application";
		};
/* End PBXNativeTarget section */

/* Begin PBXProject section */
		BD46E422202393C700D65DBC /* Project object */ = {
			isa = PBXProject;
			attributes = {
				LastSwiftUpdateCheck = 0920;
				LastUpgradeCheck = 0920;
				ORGANIZATIONNAME = "Filiz Kurban";
				TargetAttributes = {
					BD46E429202393C700D65DBC = {
						CreatedOnToolsVersion = 9.2;
						ProvisioningStyle = Automatic;
					};
				};
			};
			buildConfigurationList = BD46E425202393C700D65DBC /* Build configuration list for PBXProject "CustomActivityIndicator" */;
			compatibilityVersion = "Xcode 8.0";
			developmentRegion = en;
			hasScannedForEncodings = 0;
			knownRegions = (
				en,
				Base,
			);
			mainGroup = BD46E421202393C700D65DBC;
			productRefGroup = BD46E42B202393C700D65DBC /* Products */;
			projectDirPath = "";
			projectRoot = "";
			targets = (
				BD46E429202393C700D65DBC /* CustomActivityIndicator */,
			);
		};
/* End PBXProject section */

/* Begin PBXResourcesBuildPhase section */
		BD46E428202393C700D65DBC /* Resources */ = {
			isa = PBXResourcesBuildPhase;
			buildActionMask = 2147483647;
			files = (
				BD46E438202393C800D65DBC /* LaunchScreen.storyboard in Resources */,
				BD46E435202393C800D65DBC /* Assets.xcassets in Resources */,
				BD46E433202393C800D65DBC /* Main.storyboard in Resources */,
			);
			runOnlyForDeploymentPostprocessing = 0;
		};
/* End PBXResourcesBuildPhase section */

/* Begin PBXSourcesBuildPhase section */
		BD46E426202393C700D65DBC /* Sources */ = {
			isa = PBXSourcesBuildPhase;
			buildActionMask = 2147483647;
			files = (
				BD46E4422027655E00D65DBC /* CustomActivityIndicatorView.swift in Sources */,
				BD46E430202393C800D65DBC /* ViewController.swift in Sources */,
				BD46E42E202393C700D65DBC /* AppDelegate.swift in Sources */,
				BD46E4402027617200D65DBC /* Utils.swift in Sources */,
			);
			runOnlyForDeploymentPostprocessing = 0;
		};
/* End PBXSourcesBuildPhase section */

/* Begin PBXVariantGroup section */
		BD46E431202393C800D65DBC /* Main.storyboard */ = {
			isa = PBXVariantGroup;
			children = (
				BD46E432202393C800D65DBC /* Base */,
			);
			name = Main.storyboard;
			sourceTree = "<group>";
		};
		BD46E436202393C800D65DBC /* LaunchScreen.storyboard */ = {
			isa = PBXVariantGroup;
			children = (
				BD46E437202393C800D65DBC /* Base */,
			);
			name = LaunchScreen.storyboard;
			sourceTree = "<group>";
		};
/* End PBXVariantGroup section */

/* Begin XCBuildConfiguration section */
		BD46E43A202393C800D65DBC /* Debug */ = {
			isa = XCBuildConfiguration;
			buildSettings = {
				ALWAYS_SEARCH_USER_PATHS = NO;
				CLANG_ANALYZER_NONNULL = YES;
				CLANG_ANALYZER_NUMBER_OBJECT_CONVERSION = YES_AGGRESSIVE;
				CLANG_CXX_LANGUAGE_STANDARD = "gnu++14";
				CLANG_CXX_LIBRARY = "libc++";
				CLANG_ENABLE_MODULES = YES;
				CLANG_ENABLE_OBJC_ARC = YES;
				CLANG_WARN_BLOCK_CAPTURE_AUTORELEASING = YES;
				CLANG_WARN_BOOL_CONVERSION = YES;
				CLANG_WARN_COMMA = YES;
				CLANG_WARN_CONSTANT_CONVERSION = YES;
				CLANG_WARN_DIRECT_OBJC_ISA_USAGE = YES_ERROR;
				CLANG_WARN_DOCUMENTATION_COMMENTS = YES;
				CLANG_WARN_EMPTY_BODY = YES;
				CLANG_WARN_ENUM_CONVERSION = YES;
				CLANG_WARN_INFINITE_RECURSION = YES;
				CLANG_WARN_INT_CONVERSION = YES;
				CLANG_WARN_NON_LITERAL_NULL_CONVERSION = YES;
				CLANG_WARN_OBJC_LITERAL_CONVERSION = YES;
				CLANG_WARN_OBJC_ROOT_CLASS = YES_ERROR;
				CLANG_WARN_RANGE_LOOP_ANALYSIS = YES;
				CLANG_WARN_STRICT_PROTOTYPES = YES;
				CLANG_WARN_SUSPICIOUS_MOVE = YES;
				CLANG_WARN_UNGUARDED_AVAILABILITY = YES_AGGRESSIVE;
				CLANG_WARN_UNREACHABLE_CODE = YES;
				CLANG_WARN__DUPLICATE_METHOD_MATCH = YES;
				CODE_SIGN_IDENTITY = "iPhone Developer";
				COPY_PHASE_STRIP = NO;
				DEBUG_INFORMATION_FORMAT = dwarf;
				ENABLE_STRICT_OBJC_MSGSEND = YES;
				ENABLE_TESTABILITY = YES;
				GCC_C_LANGUAGE_STANDARD = gnu11;
				GCC_DYNAMIC_NO_PIC = NO;
				GCC_NO_COMMON_BLOCKS = YES;
				GCC_OPTIMIZATION_LEVEL = 0;
				GCC_PREPROCESSOR_DEFINITIONS = (
					"DEBUG=1",
					"$(inherited)",
				);
				GCC_WARN_64_TO_32_BIT_CONVERSION = YES;
				GCC_WARN_ABOUT_RETURN_TYPE = YES_ERROR;
				GCC_WARN_UNDECLARED_SELECTOR = YES;
				GCC_WARN_UNINITIALIZED_AUTOS = YES_AGGRESSIVE;
				GCC_WARN_UNUSED_FUNCTION = YES;
				GCC_WARN_UNUSED_VARIABLE = YES;
				IPHONEOS_DEPLOYMENT_TARGET = 11.2;
				MTL_ENABLE_DEBUG_INFO = YES;
				ONLY_ACTIVE_ARCH = YES;
				SDKROOT = iphoneos;
				SWIFT_ACTIVE_COMPILATION_CONDITIONS = DEBUG;
				SWIFT_OPTIMIZATION_LEVEL = "-Onone";
			};
			name = Debug;
		};
		BD46E43B202393C800D65DBC /* Release */ = {
			isa = XCBuildConfiguration;
			buildSettings = {
				ALWAYS_SEARCH_USER_PATHS = NO;
				CLANG_ANALYZER_NONNULL = YES;
				CLANG_ANALYZER_NUMBER_OBJECT_CONVERSION = YES_AGGRESSIVE;
				CLANG_CXX_LANGUAGE_STANDARD = "gnu++14";
				CLANG_CXX_LIBRARY = "libc++";
				CLANG_ENABLE_MODULES = YES;
				CLANG_ENABLE_OBJC_ARC = YES;
				CLANG_WARN_BLOCK_CAPTURE_AUTORELEASING = YES;
				CLANG_WARN_BOOL_CONVERSION = YES;
				CLANG_WARN_COMMA = YES;
				CLANG_WARN_CONSTANT_CONVERSION = YES;
				CLANG_WARN_DIRECT_OBJC_ISA_USAGE = YES_ERROR;
				CLANG_WARN_DOCUMENTATION_COMMENTS = YES;
				CLANG_WARN_EMPTY_BODY = YES;
				CLANG_WARN_ENUM_CONVERSION = YES;
				CLANG_WARN_INFINITE_RECURSION = YES;
				CLANG_WARN_INT_CONVERSION = YES;
				CLANG_WARN_NON_LITERAL_NULL_CONVERSION = YES;
				CLANG_WARN_OBJC_LITERAL_CONVERSION = YES;
				CLANG_WARN_OBJC_ROOT_CLASS = YES_ERROR;
				CLANG_WARN_RANGE_LOOP_ANALYSIS = YES;
				CLANG_WARN_STRICT_PROTOTYPES = YES;
				CLANG_WARN_SUSPICIOUS_MOVE = YES;
				CLANG_WARN_UNGUARDED_AVAILABILITY = YES_AGGRESSIVE;
				CLANG_WARN_UNREACHABLE_CODE = YES;
				CLANG_WARN__DUPLICATE_METHOD_MATCH = YES;
				CODE_SIGN_IDENTITY = "iPhone Developer";
				COPY_PHASE_STRIP = NO;
				DEBUG_INFORMATION_FORMAT = "dwarf-with-dsym";
				ENABLE_NS_ASSERTIONS = NO;
				ENABLE_STRICT_OBJC_MSGSEND = YES;
				GCC_C_LANGUAGE_STANDARD = gnu11;
				GCC_NO_COMMON_BLOCKS = YES;
				GCC_WARN_64_TO_32_BIT_CONVERSION = YES;
				GCC_WARN_ABOUT_RETURN_TYPE = YES_ERROR;
				GCC_WARN_UNDECLARED_SELECTOR = YES;
				GCC_WARN_UNINITIALIZED_AUTOS = YES_AGGRESSIVE;
				GCC_WARN_UNUSED_FUNCTION = YES;
				GCC_WARN_UNUSED_VARIABLE = YES;
				IPHONEOS_DEPLOYMENT_TARGET = 11.2;
				MTL_ENABLE_DEBUG_INFO = NO;
				SDKROOT = iphoneos;
				SWIFT_OPTIMIZATION_LEVEL = "-Owholemodule";
				VALIDATE_PRODUCT = YES;
			};
			name = Release;
		};
		BD46E43D202393C800D65DBC /* Debug */ = {
			isa = XCBuildConfiguration;
			buildSettings = {
				ASSETCATALOG_COMPILER_APPICON_NAME = AppIcon;
				CODE_SIGN_STYLE = Automatic;
				DEVELOPMENT_TEAM = AWF997WQMM;
				INFOPLIST_FILE = CustomActivityIndicator/Info.plist;
				LD_RUNPATH_SEARCH_PATHS = "$(inherited) @executable_path/Frameworks";
				PRODUCT_BUNDLE_IDENTIFIER = filizk.CustomActivityIndicator;
				PRODUCT_NAME = "$(TARGET_NAME)";
				SWIFT_VERSION = 4.0;
				TARGETED_DEVICE_FAMILY = "1,2";
			};
			name = Debug;
		};
		BD46E43E202393C800D65DBC /* Release */ = {
			isa = XCBuildConfiguration;
			buildSettings = {
				ASSETCATALOG_COMPILER_APPICON_NAME = AppIcon;
				CODE_SIGN_STYLE = Automatic;
				DEVELOPMENT_TEAM = AWF997WQMM;
				INFOPLIST_FILE = CustomActivityIndicator/Info.plist;
				LD_RUNPATH_SEARCH_PATHS = "$(inherited) @executable_path/Frameworks";
				PRODUCT_BUNDLE_IDENTIFIER = filizk.CustomActivityIndicator;
				PRODUCT_NAME = "$(TARGET_NAME)";
				SWIFT_VERSION = 4.0;
				TARGETED_DEVICE_FAMILY = "1,2";
			};
			name = Release;
		};
/* End XCBuildConfiguration section */

/* Begin XCConfigurationList section */
		BD46E425202393C700D65DBC /* Build configuration list for PBXProject "CustomActivityIndicator" */ = {
			isa = XCConfigurationList;
			buildConfigurations = (
				BD46E43A202393C800D65DBC /* Debug */,
				BD46E43B202393C800D65DBC /* Release */,
			);
			defaultConfigurationIsVisible = 0;
			defaultConfigurationName = Release;
		};
		BD46E43C202393C800D65DBC /* Build configuration list for PBXNativeTarget "CustomActivityIndicator" */ = {
			isa = XCConfigurationList;
			buildConfigurations = (
				BD46E43D202393C800D65DBC /* Debug */,
				BD46E43E202393C800D65DBC /* Release */,
			);
			defaultConfigurationIsVisible = 0;
			defaultConfigurationName = Release;
		};
/* End XCConfigurationList section */
	};
	rootObject = BD46E422202393C700D65DBC /* Project object */;
}
